// !$*UTF8*$!
{
	archiveVersion = 1;
	classes = {
	};
	objectVersion = 48;
	objects = {

/* Begin PBXBuildFile section */
		130BCF5D1FC9B4A600AB0827 /* ImageDownloadOperation.swift in Sources */ = {isa = PBXBuildFile; fileRef = 130BCF5C1FC9B4A600AB0827 /* ImageDownloadOperation.swift */; };
		130BCF5F1FC9B73A00AB0827 /* ImageCropOperation.swift in Sources */ = {isa = PBXBuildFile; fileRef = 130BCF5E1FC9B73A00AB0827 /* ImageCropOperation.swift */; };
		130BCF611FC9B75D00AB0827 /* ImageProcessingContext.swift in Sources */ = {isa = PBXBuildFile; fileRef = 130BCF601FC9B75D00AB0827 /* ImageProcessingContext.swift */; };
		130BCF631FC9BADB00AB0827 /* ImageProcessOperation.swift in Sources */ = {isa = PBXBuildFile; fileRef = 130BCF621FC9BADB00AB0827 /* ImageProcessOperation.swift */; };
		13DCB4421FC9584F007F5332 /* AppDelegate.swift in Sources */ = {isa = PBXBuildFile; fileRef = 13DCB4411FC9584F007F5332 /* AppDelegate.swift */; };
		13DCB4441FC9584F007F5332 /* ViewController.swift in Sources */ = {isa = PBXBuildFile; fileRef = 13DCB4431FC9584F007F5332 /* ViewController.swift */; };
		13DCB4471FC9584F007F5332 /* Main.storyboard in Resources */ = {isa = PBXBuildFile; fileRef = 13DCB4451FC9584F007F5332 /* Main.storyboard */; };
		13DCB4491FC9584F007F5332 /* Assets.xcassets in Resources */ = {isa = PBXBuildFile; fileRef = 13DCB4481FC9584F007F5332 /* Assets.xcassets */; };
		13DCB44C1FC9584F007F5332 /* LaunchScreen.storyboard in Resources */ = {isa = PBXBuildFile; fileRef = 13DCB44A1FC9584F007F5332 /* LaunchScreen.storyboard */; };
		13DCB4541FC9585D007F5332 /* CustomOepration.swift in Sources */ = {isa = PBXBuildFile; fileRef = 13DCB4531FC9585D007F5332 /* CustomOepration.swift */; };
		13DCB4561FC96748007F5332 /* CustomGroupOperation.swift in Sources */ = {isa = PBXBuildFile; fileRef = 13DCB4551FC96748007F5332 /* CustomGroupOperation.swift */; };
		13DCB4581FC96C2D007F5332 /* img.jpg in Resources */ = {isa = PBXBuildFile; fileRef = 13DCB4571FC96C2D007F5332 /* img.jpg */; };
/* End PBXBuildFile section */

/* Begin PBXFileReference section */
		130BCF5C1FC9B4A600AB0827 /* ImageDownloadOperation.swift */ = {isa = PBXFileReference; lastKnownFileType = sourcecode.swift; path = ImageDownloadOperation.swift; sourceTree = "<group>"; };
		130BCF5E1FC9B73A00AB0827 /* ImageCropOperation.swift */ = {isa = PBXFileReference; lastKnownFileType = sourcecode.swift; path = ImageCropOperation.swift; sourceTree = "<group>"; };
		130BCF601FC9B75D00AB0827 /* ImageProcessingContext.swift */ = {isa = PBXFileReference; lastKnownFileType = sourcecode.swift; path = ImageProcessingContext.swift; sourceTree = "<group>"; };
		130BCF621FC9BADB00AB0827 /* ImageProcessOperation.swift */ = {isa = PBXFileReference; lastKnownFileType = sourcecode.swift; path = ImageProcessOperation.swift; sourceTree = "<group>"; };
		13DCB43E1FC9584F007F5332 /* CustomOperations.app */ = {isa = PBXFileReference; explicitFileType = wrapper.application; includeInIndex = 0; path = CustomOperations.app; sourceTree = BUILT_PRODUCTS_DIR; };
		13DCB4411FC9584F007F5332 /* AppDelegate.swift */ = {isa = PBXFileReference; lastKnownFileType = sourcecode.swift; path = AppDelegate.swift; sourceTree = "<group>"; };
		13DCB4431FC9584F007F5332 /* ViewController.swift */ = {isa = PBXFileReference; lastKnownFileType = sourcecode.swift; path = ViewController.swift; sourceTree = "<group>"; };
		13DCB4461FC9584F007F5332 /* Base */ = {isa = PBXFileReference; lastKnownFileType = file.storyboard; name = Base; path = Base.lproj/Main.storyboard; sourceTree = "<group>"; };
		13DCB4481FC9584F007F5332 /* Assets.xcassets */ = {isa = PBXFileReference; lastKnownFileType = folder.assetcatalog; path = Assets.xcassets; sourceTree = "<group>"; };
		13DCB44B1FC9584F007F5332 /* Base */ = {isa = PBXFileReference; lastKnownFileType = file.storyboard; name = Base; path = Base.lproj/LaunchScreen.storyboard; sourceTree = "<group>"; };
		13DCB44D1FC9584F007F5332 /* Info.plist */ = {isa = PBXFileReference; lastKnownFileType = text.plist.xml; path = Info.plist; sourceTree = "<group>"; };
		13DCB4531FC9585D007F5332 /* CustomOepration.swift */ = {isa = PBXFileReference; lastKnownFileType = sourcecode.swift; path = CustomOepration.swift; sourceTree = "<group>"; };
		13DCB4551FC96748007F5332 /* CustomGroupOperation.swift */ = {isa = PBXFileReference; lastKnownFileType = sourcecode.swift; path = CustomGroupOperation.swift; sourceTree = "<group>"; };
		13DCB4571FC96C2D007F5332 /* img.jpg */ = {isa = PBXFileReference; lastKnownFileType = image.jpeg; path = img.jpg; sourceTree = "<group>"; };
/* End PBXFileReference section */

/* Begin PBXFrameworksBuildPhase section */
		13DCB43B1FC9584F007F5332 /* Frameworks */ = {
			isa = PBXFrameworksBuildPhase;
			buildActionMask = 2147483647;
			files = (
			);
			runOnlyForDeploymentPostprocessing = 0;
		};
/* End PBXFrameworksBuildPhase section */

/* Begin PBXGroup section */
		13DCB4351FC9584F007F5332 = {
			isa = PBXGroup;
			children = (
				13DCB4401FC9584F007F5332 /* CustomOperations */,
				13DCB43F1FC9584F007F5332 /* Products */,
			);
			sourceTree = "<group>";
		};
		13DCB43F1FC9584F007F5332 /* Products */ = {
			isa = PBXGroup;
			children = (
				13DCB43E1FC9584F007F5332 /* CustomOperations.app */,
			);
			name = Products;
			sourceTree = "<group>";
		};
		13DCB4401FC9584F007F5332 /* CustomOperations */ = {
			isa = PBXGroup;
			children = (
				13DCB4571FC96C2D007F5332 /* img.jpg */,
				13DCB4411FC9584F007F5332 /* AppDelegate.swift */,
				13DCB4431FC9584F007F5332 /* ViewController.swift */,
				13DCB4551FC96748007F5332 /* CustomGroupOperation.swift */,
				130BCF5C1FC9B4A600AB0827 /* ImageDownloadOperation.swift */,
				130BCF5E1FC9B73A00AB0827 /* ImageCropOperation.swift */,
				130BCF601FC9B75D00AB0827 /* ImageProcessingContext.swift */,
				130BCF621FC9BADB00AB0827 /* ImageProcessOperation.swift */,
				13DCB4531FC9585D007F5332 /* CustomOepration.swift */,
				13DCB4451FC9584F007F5332 /* Main.storyboard */,
				13DCB4481FC9584F007F5332 /* Assets.xcassets */,
				13DCB44A1FC9584F007F5332 /* LaunchScreen.storyboard */,
				13DCB44D1FC9584F007F5332 /* Info.plist */,
			);
			path = CustomOperations;
			sourceTree = "<group>";
		};
/* End PBXGroup section */

/* Begin PBXNativeTarget section */
		13DCB43D1FC9584F007F5332 /* CustomOperations */ = {
			isa = PBXNativeTarget;
			buildConfigurationList = 13DCB4501FC9584F007F5332 /* Build configuration list for PBXNativeTarget "CustomOperations" */;
			buildPhases = (
				13DCB43A1FC9584F007F5332 /* Sources */,
				13DCB43B1FC9584F007F5332 /* Frameworks */,
				13DCB43C1FC9584F007F5332 /* Resources */,
			);
			buildRules = (
			);
			dependencies = (
			);
			name = CustomOperations;
			productName = CustomOperations;
			productReference = 13DCB43E1FC9584F007F5332 /* CustomOperations.app */;
			productType = "com.apple.product-type.application";
		};
/* End PBXNativeTarget section */

/* Begin PBXProject section */
		13DCB4361FC9584F007F5332 /* Project object */ = {
			isa = PBXProject;
			attributes = {
				LastSwiftUpdateCheck = 0910;
				LastUpgradeCheck = 0910;
				ORGANIZATIONNAME = "Jatin Garg";
				TargetAttributes = {
					13DCB43D1FC9584F007F5332 = {
						CreatedOnToolsVersion = 9.1;
						ProvisioningStyle = Automatic;
					};
				};
			};
			buildConfigurationList = 13DCB4391FC9584F007F5332 /* Build configuration list for PBXProject "CustomOperations" */;
			compatibilityVersion = "Xcode 8.0";
			developmentRegion = en;
			hasScannedForEncodings = 0;
			knownRegions = (
				en,
				Base,
			);
			mainGroup = 13DCB4351FC9584F007F5332;
			productRefGroup = 13DCB43F1FC9584F007F5332 /* Products */;
			projectDirPath = "";
			projectRoot = "";
			targets = (
				13DCB43D1FC9584F007F5332 /* CustomOperations */,
			);
		};
/* End PBXProject section */

/* Begin PBXResourcesBuildPhase section */
		13DCB43C1FC9584F007F5332 /* Resources */ = {
			isa = PBXResourcesBuildPhase;
			buildActionMask = 2147483647;
			files = (
				13DCB44C1FC9584F007F5332 /* LaunchScreen.storyboard in Resources */,
				13DCB4491FC9584F007F5332 /* Assets.xcassets in Resources */,
				13DCB4581FC96C2D007F5332 /* img.jpg in Resources */,
				13DCB4471FC9584F007F5332 /* Main.storyboard in Resources */,
			);
			runOnlyForDeploymentPostprocessing = 0;
		};
/* End PBXResourcesBuildPhase section */

/* Begin PBXSourcesBuildPhase section */
		13DCB43A1FC9584F007F5332 /* Sources */ = {
			isa = PBXSourcesBuildPhase;
			buildActionMask = 2147483647;
			files = (
				13DCB4441FC9584F007F5332 /* ViewController.swift in Sources */,
				130BCF631FC9BADB00AB0827 /* ImageProcessOperation.swift in Sources */,
				130BCF5F1FC9B73A00AB0827 /* ImageCropOperation.swift in Sources */,
				13DCB4421FC9584F007F5332 /* AppDelegate.swift in Sources */,
				13DCB4561FC96748007F5332 /* CustomGroupOperation.swift in Sources */,
				130BCF5D1FC9B4A600AB0827 /* ImageDownloadOperation.swift in Sources */,
				13DCB4541FC9585D007F5332 /* CustomOepration.swift in Sources */,
				130BCF611FC9B75D00AB0827 /* ImageProcessingContext.swift in Sources */,
			);
			runOnlyForDeploymentPostprocessing = 0;
		};
/* End PBXSourcesBuildPhase section */

/* Begin PBXVariantGroup section */
		13DCB4451FC9584F007F5332 /* Main.storyboard */ = {
			isa = PBXVariantGroup;
			children = (
				13DCB4461FC9584F007F5332 /* Base */,
			);
			name = Main.storyboard;
			sourceTree = "<group>";
		};
		13DCB44A1FC9584F007F5332 /* LaunchScreen.storyboard */ = {
			isa = PBXVariantGroup;
			children = (
				13DCB44B1FC9584F007F5332 /* Base */,
			);
			name = LaunchScreen.storyboard;
			sourceTree = "<group>";
		};
/* End PBXVariantGroup section */

/* Begin XCBuildConfiguration section */
		13DCB44E1FC9584F007F5332 /* Debug */ = {
			isa = XCBuildConfiguration;
			buildSettings = {
				ALWAYS_SEARCH_USER_PATHS = NO;
				CLANG_ANALYZER_NONNULL = YES;
				CLANG_ANALYZER_NUMBER_OBJECT_CONVERSION = YES_AGGRESSIVE;
				CLANG_CXX_LANGUAGE_STANDARD = "gnu++14";
				CLANG_CXX_LIBRARY = "libc++";
				CLANG_ENABLE_MODULES = YES;
				CLANG_ENABLE_OBJC_ARC = YES;
				CLANG_WARN_BLOCK_CAPTURE_AUTORELEASING = YES;
				CLANG_WARN_BOOL_CONVERSION = YES;
				CLANG_WARN_COMMA = YES;
				CLANG_WARN_CONSTANT_CONVERSION = YES;
				CLANG_WARN_DIRECT_OBJC_ISA_USAGE = YES_ERROR;
				CLANG_WARN_DOCUMENTATION_COMMENTS = YES;
				CLANG_WARN_EMPTY_BODY = YES;
				CLANG_WARN_ENUM_CONVERSION = YES;
				CLANG_WARN_INFINITE_RECURSION = YES;
				CLANG_WARN_INT_CONVERSION = YES;
				CLANG_WARN_NON_LITERAL_NULL_CONVERSION = YES;
				CLANG_WARN_OBJC_LITERAL_CONVERSION = YES;
				CLANG_WARN_OBJC_ROOT_CLASS = YES_ERROR;
				CLANG_WARN_RANGE_LOOP_ANALYSIS = YES;
				CLANG_WARN_STRICT_PROTOTYPES = YES;
				CLANG_WARN_SUSPICIOUS_MOVE = YES;
				CLANG_WARN_UNGUARDED_AVAILABILITY = YES_AGGRESSIVE;
				CLANG_WARN_UNREACHABLE_CODE = YES;
				CLANG_WARN__DUPLICATE_METHOD_MATCH = YES;
				CODE_SIGN_IDENTITY = "iPhone Developer";
				COPY_PHASE_STRIP = NO;
				DEBUG_INFORMATION_FORMAT = dwarf;
				ENABLE_STRICT_OBJC_MSGSEND = YES;
				ENABLE_TESTABILITY = YES;
				GCC_C_LANGUAGE_STANDARD = gnu11;
				GCC_DYNAMIC_NO_PIC = NO;
				GCC_NO_COMMON_BLOCKS = YES;
				GCC_OPTIMIZATION_LEVEL = 0;
				GCC_PREPROCESSOR_DEFINITIONS = (
					"DEBUG=1",
					"$(inherited)",
				);
				GCC_WARN_64_TO_32_BIT_CONVERSION = YES;
				GCC_WARN_ABOUT_RETURN_TYPE = YES_ERROR;
				GCC_WARN_UNDECLARED_SELECTOR = YES;
				GCC_WARN_UNINITIALIZED_AUTOS = YES_AGGRESSIVE;
				GCC_WARN_UNUSED_FUNCTION = YES;
				GCC_WARN_UNUSED_VARIABLE = YES;
				IPHONEOS_DEPLOYMENT_TARGET = 11.1;
				MTL_ENABLE_DEBUG_INFO = YES;
				ONLY_ACTIVE_ARCH = YES;
				SDKROOT = iphoneos;
				SWIFT_ACTIVE_COMPILATION_CONDITIONS = DEBUG;
				SWIFT_OPTIMIZATION_LEVEL = "-Onone";
			};
			name = Debug;
		};
		13DCB44F1FC9584F007F5332 /* Release */ = {
			isa = XCBuildConfiguration;
			buildSettings = {
				ALWAYS_SEARCH_USER_PATHS = NO;
				CLANG_ANALYZER_NONNULL = YES;
				CLANG_ANALYZER_NUMBER_OBJECT_CONVERSION = YES_AGGRESSIVE;
				CLANG_CXX_LANGUAGE_STANDARD = "gnu++14";
				CLANG_CXX_LIBRARY = "libc++";
				CLANG_ENABLE_MODULES = YES;
				CLANG_ENABLE_OBJC_ARC = YES;
				CLANG_WARN_BLOCK_CAPTURE_AUTORELEASING = YES;
				CLANG_WARN_BOOL_CONVERSION = YES;
				CLANG_WARN_COMMA = YES;
				CLANG_WARN_CONSTANT_CONVERSION = YES;
				CLANG_WARN_DIRECT_OBJC_ISA_USAGE = YES_ERROR;
				CLANG_WARN_DOCUMENTATION_COMMENTS = YES;
				CLANG_WARN_EMPTY_BODY = YES;
				CLANG_WARN_ENUM_CONVERSION = YES;
				CLANG_WARN_INFINITE_RECURSION = YES;
				CLANG_WARN_INT_CONVERSION = YES;
				CLANG_WARN_NON_LITERAL_NULL_CONVERSION = YES;
				CLANG_WARN_OBJC_LITERAL_CONVERSION = YES;
				CLANG_WARN_OBJC_ROOT_CLASS = YES_ERROR;
				CLANG_WARN_RANGE_LOOP_ANALYSIS = YES;
				CLANG_WARN_STRICT_PROTOTYPES = YES;
				CLANG_WARN_SUSPICIOUS_MOVE = YES;
				CLANG_WARN_UNGUARDED_AVAILABILITY = YES_AGGRESSIVE;
				CLANG_WARN_UNREACHABLE_CODE = YES;
				CLANG_WARN__DUPLICATE_METHOD_MATCH = YES;
				CODE_SIGN_IDENTITY = "iPhone Developer";
				COPY_PHASE_STRIP = NO;
				DEBUG_INFORMATION_FORMAT = "dwarf-with-dsym";
				ENABLE_NS_ASSERTIONS = NO;
				ENABLE_STRICT_OBJC_MSGSEND = YES;
				GCC_C_LANGUAGE_STANDARD = gnu11;
				GCC_NO_COMMON_BLOCKS = YES;
				GCC_WARN_64_TO_32_BIT_CONVERSION = YES;
				GCC_WARN_ABOUT_RETURN_TYPE = YES_ERROR;
				GCC_WARN_UNDECLARED_SELECTOR = YES;
				GCC_WARN_UNINITIALIZED_AUTOS = YES_AGGRESSIVE;
				GCC_WARN_UNUSED_FUNCTION = YES;
				GCC_WARN_UNUSED_VARIABLE = YES;
				IPHONEOS_DEPLOYMENT_TARGET = 11.1;
				MTL_ENABLE_DEBUG_INFO = NO;
				SDKROOT = iphoneos;
				SWIFT_OPTIMIZATION_LEVEL = "-Owholemodule";
				VALIDATE_PRODUCT = YES;
			};
			name = Release;
		};
		13DCB4511FC9584F007F5332 /* Debug */ = {
			isa = XCBuildConfiguration;
			buildSettings = {
				ASSETCATALOG_COMPILER_APPICON_NAME = AppIcon;
				CODE_SIGN_STYLE = Automatic;
				DEVELOPMENT_TEAM = 3MWGTS2LLK;
				INFOPLIST_FILE = CustomOperations/Info.plist;
				LD_RUNPATH_SEARCH_PATHS = "$(inherited) @executable_path/Frameworks";
				PRODUCT_BUNDLE_IDENTIFIER = com.jatin.CustomOperations;
				PRODUCT_NAME = "$(TARGET_NAME)";
				SWIFT_VERSION = 4.0;
				TARGETED_DEVICE_FAMILY = "1,2";
			};
			name = Debug;
		};
		13DCB4521FC9584F007F5332 /* Release */ = {
			isa = XCBuildConfiguration;
			buildSettings = {
				ASSETCATALOG_COMPILER_APPICON_NAME = AppIcon;
				CODE_SIGN_STYLE = Automatic;
				DEVELOPMENT_TEAM = 3MWGTS2LLK;
				INFOPLIST_FILE = CustomOperations/Info.plist;
				LD_RUNPATH_SEARCH_PATHS = "$(inherited) @executable_path/Frameworks";
				PRODUCT_BUNDLE_IDENTIFIER = com.jatin.CustomOperations;
				PRODUCT_NAME = "$(TARGET_NAME)";
				SWIFT_VERSION = 4.0;
				TARGETED_DEVICE_FAMILY = "1,2";
			};
			name = Release;
		};
/* End XCBuildConfiguration section */

/* Begin XCConfigurationList section */
		13DCB4391FC9584F007F5332 /* Build configuration list for PBXProject "CustomOperations" */ = {
			isa = XCConfigurationList;
			buildConfigurations = (
				13DCB44E1FC9584F007F5332 /* Debug */,
				13DCB44F1FC9584F007F5332 /* Release */,
			);
			defaultConfigurationIsVisible = 0;
			defaultConfigurationName = Release;
		};
		13DCB4501FC9584F007F5332 /* Build configuration list for PBXNativeTarget "CustomOperations" */ = {
			isa = XCConfigurationList;
			buildConfigurations = (
				13DCB4511FC9584F007F5332 /* Debug */,
				13DCB4521FC9584F007F5332 /* Release */,
			);
			defaultConfigurationIsVisible = 0;
			defaultConfigurationName = Release;
		};
/* End XCConfigurationList section */
	};
	rootObject = 13DCB4361FC9584F007F5332 /* Project object */;
}
